// !$*UTF8*$!
{
	archiveVersion = 1;
	classes = {
	};
	objectVersion = 50;
	objects = {

/* Begin PBXBuildFile section */
		3CCAB3E32165422C001F892B /* AppDelegate.swift in Sources */ = {isa = PBXBuildFile; fileRef = 3CCAB3E22165422C001F892B /* AppDelegate.swift */; };
		3CCAB3E52165422C001F892B /* ChatController.swift in Sources */ = {isa = PBXBuildFile; fileRef = 3CCAB3E42165422C001F892B /* ChatController.swift */; };
		3CCAB3E82165422C001F892B /* Main.storyboard in Resources */ = {isa = PBXBuildFile; fileRef = 3CCAB3E62165422C001F892B /* Main.storyboard */; };
		3CCAB3EA2165422D001F892B /* Assets.xcassets in Resources */ = {isa = PBXBuildFile; fileRef = 3CCAB3E92165422D001F892B /* Assets.xcassets */; };
		3CCAB3ED2165422D001F892B /* LaunchScreen.storyboard in Resources */ = {isa = PBXBuildFile; fileRef = 3CCAB3EB2165422D001F892B /* LaunchScreen.storyboard */; };
		3CCAB3F521654340001F892B /* ChatCell.swift in Sources */ = {isa = PBXBuildFile; fileRef = 3CCAB3F421654340001F892B /* ChatCell.swift */; };
		C194B5657110650D7A584319 /* Pods_ChatDesign.framework in Frameworks */ = {isa = PBXBuildFile; fileRef = A3A2363D00E36E6B3654E946 /* Pods_ChatDesign.framework */; };
/* End PBXBuildFile section */

/* Begin PBXFileReference section */
		3CCAB3DF2165422C001F892B /* ChatDesign.app */ = {isa = PBXFileReference; explicitFileType = wrapper.application; includeInIndex = 0; path = ChatDesign.app; sourceTree = BUILT_PRODUCTS_DIR; };
		3CCAB3E22165422C001F892B /* AppDelegate.swift */ = {isa = PBXFileReference; lastKnownFileType = sourcecode.swift; path = AppDelegate.swift; sourceTree = "<group>"; };
		3CCAB3E42165422C001F892B /* ChatController.swift */ = {isa = PBXFileReference; lastKnownFileType = sourcecode.swift; path = ChatController.swift; sourceTree = "<group>"; };
		3CCAB3E72165422C001F892B /* Base */ = {isa = PBXFileReference; lastKnownFileType = file.storyboard; name = Base; path = Base.lproj/Main.storyboard; sourceTree = "<group>"; };
		3CCAB3E92165422D001F892B /* Assets.xcassets */ = {isa = PBXFileReference; lastKnownFileType = folder.assetcatalog; path = Assets.xcassets; sourceTree = "<group>"; };
		3CCAB3EC2165422D001F892B /* Base */ = {isa = PBXFileReference; lastKnownFileType = file.storyboard; name = Base; path = Base.lproj/LaunchScreen.storyboard; sourceTree = "<group>"; };
		3CCAB3EE2165422D001F892B /* Info.plist */ = {isa = PBXFileReference; lastKnownFileType = text.plist.xml; path = Info.plist; sourceTree = "<group>"; };
		3CCAB3F421654340001F892B /* ChatCell.swift */ = {isa = PBXFileReference; lastKnownFileType = sourcecode.swift; path = ChatCell.swift; sourceTree = "<group>"; };
		A3A2363D00E36E6B3654E946 /* Pods_ChatDesign.framework */ = {isa = PBXFileReference; explicitFileType = wrapper.framework; includeInIndex = 0; path = Pods_ChatDesign.framework; sourceTree = BUILT_PRODUCTS_DIR; };
		BA8806062340CB06B8BC6B84 /* Pods-ChatDesign.release.xcconfig */ = {isa = PBXFileReference; includeInIndex = 1; lastKnownFileType = text.xcconfig; name = "Pods-ChatDesign.release.xcconfig"; path = "Target Support Files/Pods-ChatDesign/Pods-ChatDesign.release.xcconfig"; sourceTree = "<group>"; };
		C4F0F0F52EAF2F606F9B8592 /* Pods-ChatDesign.debug.xcconfig */ = {isa = PBXFileReference; includeInIndex = 1; lastKnownFileType = text.xcconfig; name = "Pods-ChatDesign.debug.xcconfig"; path = "Target Support Files/Pods-ChatDesign/Pods-ChatDesign.debug.xcconfig"; sourceTree = "<group>"; };
/* End PBXFileReference section */

/* Begin PBXFrameworksBuildPhase section */
		3CCAB3DC2165422C001F892B /* Frameworks */ = {
			isa = PBXFrameworksBuildPhase;
			buildActionMask = 2147483647;
			files = (
				C194B5657110650D7A584319 /* Pods_ChatDesign.framework in Frameworks */,
			);
			runOnlyForDeploymentPostprocessing = 0;
		};
/* End PBXFrameworksBuildPhase section */

/* Begin PBXGroup section */
		26E6AF524129F8ACB6691DD4 /* Pods */ = {
			isa = PBXGroup;
			children = (
				C4F0F0F52EAF2F606F9B8592 /* Pods-ChatDesign.debug.xcconfig */,
				BA8806062340CB06B8BC6B84 /* Pods-ChatDesign.release.xcconfig */,
			);
			path = Pods;
			sourceTree = "<group>";
		};
		3CCAB3D62165422C001F892B = {
			isa = PBXGroup;
			children = (
				3CCAB3E12165422C001F892B /* ChatDesign */,
				3CCAB3E02165422C001F892B /* Products */,
				26E6AF524129F8ACB6691DD4 /* Pods */,
				C106C764EBAC8833959A0B49 /* Frameworks */,
			);
			sourceTree = "<group>";
		};
		3CCAB3E02165422C001F892B /* Products */ = {
			isa = PBXGroup;
			children = (
				3CCAB3DF2165422C001F892B /* ChatDesign.app */,
			);
			name = Products;
			sourceTree = "<group>";
		};
		3CCAB3E12165422C001F892B /* ChatDesign */ = {
			isa = PBXGroup;
			children = (
				3CCAB3E22165422C001F892B /* AppDelegate.swift */,
				3CCAB3E42165422C001F892B /* ChatController.swift */,
				3CCAB3E62165422C001F892B /* Main.storyboard */,
				3CCAB3E92165422D001F892B /* Assets.xcassets */,
				3CCAB3EB2165422D001F892B /* LaunchScreen.storyboard */,
				3CCAB3EE2165422D001F892B /* Info.plist */,
				3CCAB3F421654340001F892B /* ChatCell.swift */,
			);
			path = ChatDesign;
			sourceTree = "<group>";
		};
		C106C764EBAC8833959A0B49 /* Frameworks */ = {
			isa = PBXGroup;
			children = (
				A3A2363D00E36E6B3654E946 /* Pods_ChatDesign.framework */,
			);
			name = Frameworks;
			sourceTree = "<group>";
		};
/* End PBXGroup section */

/* Begin PBXNativeTarget section */
		3CCAB3DE2165422C001F892B /* ChatDesign */ = {
			isa = PBXNativeTarget;
			buildConfigurationList = 3CCAB3F12165422D001F892B /* Build configuration list for PBXNativeTarget "ChatDesign" */;
			buildPhases = (
				6E91D57342DB0670146DCCE9 /* [CP] Check Pods Manifest.lock */,
				3CCAB3DB2165422C001F892B /* Sources */,
				3CCAB3DC2165422C001F892B /* Frameworks */,
				3CCAB3DD2165422C001F892B /* Resources */,
				DD12213EB4F48BD918B59ECD /* [CP] Embed Pods Frameworks */,
			);
			buildRules = (
			);
			dependencies = (
			);
			name = ChatDesign;
			productName = ChatDesign;
			productReference = 3CCAB3DF2165422C001F892B /* ChatDesign.app */;
			productType = "com.apple.product-type.application";
		};
/* End PBXNativeTarget section */

/* Begin PBXProject section */
		3CCAB3D72165422C001F892B /* Project object */ = {
			isa = PBXProject;
			attributes = {
				LastSwiftUpdateCheck = 1000;
				LastUpgradeCheck = 1000;
				ORGANIZATIONNAME = "Chris Karani";
				TargetAttributes = {
					3CCAB3DE2165422C001F892B = {
						CreatedOnToolsVersion = 10.0;
					};
				};
			};
			buildConfigurationList = 3CCAB3DA2165422C001F892B /* Build configuration list for PBXProject "ChatDesign" */;
			compatibilityVersion = "Xcode 9.3";
			developmentRegion = en;
			hasScannedForEncodings = 0;
			knownRegions = (
				en,
				Base,
			);
			mainGroup = 3CCAB3D62165422C001F892B;
			productRefGroup = 3CCAB3E02165422C001F892B /* Products */;
			projectDirPath = "";
			projectRoot = "";
			targets = (
				3CCAB3DE2165422C001F892B /* ChatDesign */,
			);
		};
/* End PBXProject section */

/* Begin PBXResourcesBuildPhase section */
		3CCAB3DD2165422C001F892B /* Resources */ = {
			isa = PBXResourcesBuildPhase;
			buildActionMask = 2147483647;
			files = (
				3CCAB3ED2165422D001F892B /* LaunchScreen.storyboard in Resources */,
				3CCAB3EA2165422D001F892B /* Assets.xcassets in Resources */,
				3CCAB3E82165422C001F892B /* Main.storyboard in Resources */,
			);
			runOnlyForDeploymentPostprocessing = 0;
		};
/* End PBXResourcesBuildPhase section */

/* Begin PBXShellScriptBuildPhase section */
		6E91D57342DB0670146DCCE9 /* [CP] Check Pods Manifest.lock */ = {
			isa = PBXShellScriptBuildPhase;
			buildActionMask = 2147483647;
			files = (
			);
			inputFileListPaths = (
			);
			inputPaths = (
				"${PODS_PODFILE_DIR_PATH}/Podfile.lock",
				"${PODS_ROOT}/Manifest.lock",
			);
			name = "[CP] Check Pods Manifest.lock";
			outputFileListPaths = (
			);
			outputPaths = (
				"$(DERIVED_FILE_DIR)/Pods-ChatDesign-checkManifestLockResult.txt",
			);
			runOnlyForDeploymentPostprocessing = 0;
			shellPath = /bin/sh;
			shellScript = "diff \"${PODS_PODFILE_DIR_PATH}/Podfile.lock\" \"${PODS_ROOT}/Manifest.lock\" > /dev/null\nif [ $? != 0 ] ; then\n    # print error to STDERR\n    echo \"error: The sandbox is not in sync with the Podfile.lock. Run 'pod install' or update your CocoaPods installation.\" >&2\n    exit 1\nfi\n# This output is used by Xcode 'outputs' to avoid re-running this script phase.\necho \"SUCCESS\" > \"${SCRIPT_OUTPUT_FILE_0}\"\n";
			showEnvVarsInLog = 0;
		};
		DD12213EB4F48BD918B59ECD /* [CP] Embed Pods Frameworks */ = {
			isa = PBXShellScriptBuildPhase;
			buildActionMask = 2147483647;
			files = (
			);
			inputFileListPaths = (
			);
			inputPaths = (
				"${PODS_ROOT}/Target Support Files/Pods-ChatDesign/Pods-ChatDesign-frameworks.sh",
				"${BUILT_PRODUCTS_DIR}/SnapKit/SnapKit.framework",
			);
			name = "[CP] Embed Pods Frameworks";
			outputFileListPaths = (
			);
			outputPaths = (
				"${TARGET_BUILD_DIR}/${FRAMEWORKS_FOLDER_PATH}/SnapKit.framework",
			);
			runOnlyForDeploymentPostprocessing = 0;
			shellPath = /bin/sh;
			shellScript = "\"${PODS_ROOT}/Target Support Files/Pods-ChatDesign/Pods-ChatDesign-frameworks.sh\"\n";
			showEnvVarsInLog = 0;
		};
/* End PBXShellScriptBuildPhase section */

/* Begin PBXSourcesBuildPhase section */
		3CCAB3DB2165422C001F892B /* Sources */ = {
			isa = PBXSourcesBuildPhase;
			buildActionMask = 2147483647;
			files = (
				3CCAB3E52165422C001F892B /* ChatController.swift in Sources */,
				3CCAB3E32165422C001F892B /* AppDelegate.swift in Sources */,
				3CCAB3F521654340001F892B /* ChatCell.swift in Sources */,
			);
			runOnlyForDeploymentPostprocessing = 0;
		};
/* End PBXSourcesBuildPhase section */

/* Begin PBXVariantGroup section */
		3CCAB3E62165422C001F892B /* Main.storyboard */ = {
			isa = PBXVariantGroup;
			children = (
				3CCAB3E72165422C001F892B /* Base */,
			);
			name = Main.storyboard;
			sourceTree = "<group>";
		};
		3CCAB3EB2165422D001F892B /* LaunchScreen.storyboard */ = {
			isa = PBXVariantGroup;
			children = (
				3CCAB3EC2165422D001F892B /* Base */,
			);
			name = LaunchScreen.storyboard;
			sourceTree = "<group>";
		};
/* End PBXVariantGroup section */

/* Begin XCBuildConfiguration section */
		3CCAB3EF2165422D001F892B /* Debug */ = {
			isa = XCBuildConfiguration;
			buildSettings = {
				ALWAYS_SEARCH_USER_PATHS = NO;
				CLANG_ANALYZER_NONNULL = YES;
				CLANG_ANALYZER_NUMBER_OBJECT_CONVERSION = YES_AGGRESSIVE;
				CLANG_CXX_LANGUAGE_STANDARD = "gnu++14";
				CLANG_CXX_LIBRARY = "libc++";
				CLANG_ENABLE_MODULES = YES;
				CLANG_ENABLE_OBJC_ARC = YES;
				CLANG_ENABLE_OBJC_WEAK = YES;
				CLANG_WARN_BLOCK_CAPTURE_AUTORELEASING = YES;
				CLANG_WARN_BOOL_CONVERSION = YES;
				CLANG_WARN_COMMA = YES;
				CLANG_WARN_CONSTANT_CONVERSION = YES;
				CLANG_WARN_DEPRECATED_OBJC_IMPLEMENTATIONS = YES;
				CLANG_WARN_DIRECT_OBJC_ISA_USAGE = YES_ERROR;
				CLANG_WARN_DOCUMENTATION_COMMENTS = YES;
				CLANG_WARN_EMPTY_BODY = YES;
				CLANG_WARN_ENUM_CONVERSION = YES;
				CLANG_WARN_INFINITE_RECURSION = YES;
				CLANG_WARN_INT_CONVERSION = YES;
				CLANG_WARN_NON_LITERAL_NULL_CONVERSION = YES;
				CLANG_WARN_OBJC_IMPLICIT_RETAIN_SELF = YES;
				CLANG_WARN_OBJC_LITERAL_CONVERSION = YES;
				CLANG_WARN_OBJC_ROOT_CLASS = YES_ERROR;
				CLANG_WARN_RANGE_LOOP_ANALYSIS = YES;
				CLANG_WARN_STRICT_PROTOTYPES = YES;
				CLANG_WARN_SUSPICIOUS_MOVE = YES;
				CLANG_WARN_UNGUARDED_AVAILABILITY = YES_AGGRESSIVE;
				CLANG_WARN_UNREACHABLE_CODE = YES;
				CLANG_WARN__DUPLICATE_METHOD_MATCH = YES;
				CODE_SIGN_IDENTITY = "iPhone Developer";
				COPY_PHASE_STRIP = NO;
				DEBUG_INFORMATION_FORMAT = dwarf;
				ENABLE_STRICT_OBJC_MSGSEND = YES;
				ENABLE_TESTABILITY = YES;
				GCC_C_LANGUAGE_STANDARD = gnu11;
				GCC_DYNAMIC_NO_PIC = NO;
				GCC_NO_COMMON_BLOCKS = YES;
				GCC_OPTIMIZATION_LEVEL = 0;
				GCC_PREPROCESSOR_DEFINITIONS = (
					"DEBUG=1",
					"$(inherited)",
				);
				GCC_WARN_64_TO_32_BIT_CONVERSION = YES;
				GCC_WARN_ABOUT_RETURN_TYPE = YES_ERROR;
				GCC_WARN_UNDECLARED_SELECTOR = YES;
				GCC_WARN_UNINITIALIZED_AUTOS = YES_AGGRESSIVE;
				GCC_WARN_UNUSED_FUNCTION = YES;
				GCC_WARN_UNUSED_VARIABLE = YES;
				IPHONEOS_DEPLOYMENT_TARGET = 12.0;
				MTL_ENABLE_DEBUG_INFO = INCLUDE_SOURCE;
				MTL_FAST_MATH = YES;
				ONLY_ACTIVE_ARCH = YES;
				SDKROOT = iphoneos;
				SWIFT_ACTIVE_COMPILATION_CONDITIONS = DEBUG;
				SWIFT_OPTIMIZATION_LEVEL = "-Onone";
			};
			name = Debug;
		};
		3CCAB3F02165422D001F892B /* Release */ = {
			isa = XCBuildConfiguration;
			buildSettings = {
				ALWAYS_SEARCH_USER_PATHS = NO;
				CLANG_ANALYZER_NONNULL = YES;
				CLANG_ANALYZER_NUMBER_OBJECT_CONVERSION = YES_AGGRESSIVE;
				CLANG_CXX_LANGUAGE_STANDARD = "gnu++14";
				CLANG_CXX_LIBRARY = "libc++";
				CLANG_ENABLE_MODULES = YES;
				CLANG_ENABLE_OBJC_ARC = YES;
				CLANG_ENABLE_OBJC_WEAK = YES;
				CLANG_WARN_BLOCK_CAPTURE_AUTORELEASING = YES;
				CLANG_WARN_BOOL_CONVERSION = YES;
				CLANG_WARN_COMMA = YES;
				CLANG_WARN_CONSTANT_CONVERSION = YES;
				CLANG_WARN_DEPRECATED_OBJC_IMPLEMENTATIONS = YES;
				CLANG_WARN_DIRECT_OBJC_ISA_USAGE = YES_ERROR;
				CLANG_WARN_DOCUMENTATION_COMMENTS = YES;
				CLANG_WARN_EMPTY_BODY = YES;
				CLANG_WARN_ENUM_CONVERSION = YES;
				CLANG_WARN_INFINITE_RECURSION = YES;
				CLANG_WARN_INT_CONVERSION = YES;
				CLANG_WARN_NON_LITERAL_NULL_CONVERSION = YES;
				CLANG_WARN_OBJC_IMPLICIT_RETAIN_SELF = YES;
				CLANG_WARN_OBJC_LITERAL_CONVERSION = YES;
				CLANG_WARN_OBJC_ROOT_CLASS = YES_ERROR;
				CLANG_WARN_RANGE_LOOP_ANALYSIS = YES;
				CLANG_WARN_STRICT_PROTOTYPES = YES;
				CLANG_WARN_SUSPICIOUS_MOVE = YES;
				CLANG_WARN_UNGUARDED_AVAILABILITY = YES_AGGRESSIVE;
				CLANG_WARN_UNREACHABLE_CODE = YES;
				CLANG_WARN__DUPLICATE_METHOD_MATCH = YES;
				CODE_SIGN_IDENTITY = "iPhone Developer";
				COPY_PHASE_STRIP = NO;
				DEBUG_INFORMATION_FORMAT = "dwarf-with-dsym";
				ENABLE_NS_ASSERTIONS = NO;
				ENABLE_STRICT_OBJC_MSGSEND = YES;
				GCC_C_LANGUAGE_STANDARD = gnu11;
				GCC_NO_COMMON_BLOCKS = YES;
				GCC_WARN_64_TO_32_BIT_CONVERSION = YES;
				GCC_WARN_ABOUT_RETURN_TYPE = YES_ERROR;
				GCC_WARN_UNDECLARED_SELECTOR = YES;
				GCC_WARN_UNINITIALIZED_AUTOS = YES_AGGRESSIVE;
				GCC_WARN_UNUSED_FUNCTION = YES;
				GCC_WARN_UNUSED_VARIABLE = YES;
				IPHONEOS_DEPLOYMENT_TARGET = 12.0;
				MTL_ENABLE_DEBUG_INFO = NO;
				MTL_FAST_MATH = YES;
				SDKROOT = iphoneos;
				SWIFT_COMPILATION_MODE = wholemodule;
				SWIFT_OPTIMIZATION_LEVEL = "-O";
				VALIDATE_PRODUCT = YES;
			};
			name = Release;
		};
		3CCAB3F22165422D001F892B /* Debug */ = {
			isa = XCBuildConfiguration;
			baseConfigurationReference = C4F0F0F52EAF2F606F9B8592 /* Pods-ChatDesign.debug.xcconfig */;
			buildSettings = {
				ASSETCATALOG_COMPILER_APPICON_NAME = AppIcon;
				CODE_SIGN_STYLE = Automatic;
				DEVELOPMENT_TEAM = PK8U3Q7F56;
				INFOPLIST_FILE = ChatDesign/Info.plist;
				LD_RUNPATH_SEARCH_PATHS = (
					"$(inherited)",
					"@executable_path/Frameworks",
				);
				PRODUCT_BUNDLE_IDENTIFIER = christopherkarani.ChatDesign;
				PRODUCT_NAME = "$(TARGET_NAME)";
				SWIFT_VERSION = 4.2;
				TARGETED_DEVICE_FAMILY = "1,2";
			};
			name = Debug;
		};
		3CCAB3F32165422D001F892B /* Release */ = {
			isa = XCBuildConfiguration;
			baseConfigurationReference = BA8806062340CB06B8BC6B84 /* Pods-ChatDesign.release.xcconfig */;
			buildSettings = {
				ASSETCATALOG_COMPILER_APPICON_NAME = AppIcon;
				CODE_SIGN_STYLE = Automatic;
				DEVELOPMENT_TEAM = PK8U3Q7F56;
				INFOPLIST_FILE = ChatDesign/Info.plist;
				LD_RUNPATH_SEARCH_PATHS = (
					"$(inherited)",
					"@executable_path/Frameworks",
				);
				PRODUCT_BUNDLE_IDENTIFIER = christopherkarani.ChatDesign;
				PRODUCT_NAME = "$(TARGET_NAME)";
				SWIFT_VERSION = 4.2;
				TARGETED_DEVICE_FAMILY = "1,2";
			};
			name = Release;
		};
/* End XCBuildConfiguration section */

/* Begin XCConfigurationList section */
		3CCAB3DA2165422C001F892B /* Build configuration list for PBXProject "ChatDesign" */ = {
			isa = XCConfigurationList;
			buildConfigurations = (
				3CCAB3EF2165422D001F892B /* Debug */,
				3CCAB3F02165422D001F892B /* Release */,
			);
			defaultConfigurationIsVisible = 0;
			defaultConfigurationName = Release;
		};
		3CCAB3F12165422D001F892B /* Build configuration list for PBXNativeTarget "ChatDesign" */ = {
			isa = XCConfigurationList;
			buildConfigurations = (
				3CCAB3F22165422D001F892B /* Debug */,
				3CCAB3F32165422D001F892B /* Release */,
			);
			defaultConfigurationIsVisible = 0;
			defaultConfigurationName = Release;
		};
/* End XCConfigurationList section */
	};
	rootObject = 3CCAB3D72165422C001F892B /* Project object */;
}
